<?xml version="1.0" encoding="utf-8"?>
<Project ToolsVersion="4.0" xmlns="http://schemas.microsoft.com/developer/msbuild/2003">
  <ItemGroup>
    <Filter Include="Resource Files">
      <UniqueIdentifier>{67DA6AB6-F800-4c08-8B7A-83BB121AAD01}</UniqueIdentifier>
      <Extensions>rc;ico;cur;bmp;dlg;rc2;rct;bin;rgs;gif;jpg;jpeg;jpe;resx;tiff;tif;png;wav</Extensions>
    </Filter>
    <Filter Include="Misc">
      <UniqueIdentifier>{297383a7-07e8-4f88-aad7-64250748af20}</UniqueIdentifier>
    </Filter>
    <Filter Include="Shaders">
      <UniqueIdentifier>{d7033180-e697-4ab2-8dcc-be546e237f8b}</UniqueIdentifier>
    </Filter>
  </ItemGroup>
  <ItemGroup>
    <ClInclude Include="resource.h" />
    <ClInclude Include="polyflags.h" />
    <ClInclude Include="utils.hpp" />
    <ClInclude Include="RendererSettings.h" />
    <ClInclude Include="SelfDestroyable.h" />
    <ClInclude Include="Pipeline.h" />
    <ClInclude Include="Bundle.h" />
  </ItemGroup>
  <ItemGroup>
    <ResourceCompile Include="res.rc">
      <Filter>Resource Files</Filter>
    </ResourceCompile>
  </ItemGroup>
  <ItemGroup>
    <None Include="Vulkan1Drv.int">
      <Filter>Misc</Filter>
    </None>
  </ItemGroup>
  <ItemGroup>
    <ClCompile Include="UVulkan1RenderDevice.cpp" />
    <ClCompile Include="VulkanFunctions.cpp" />
  </ItemGroup>
  <ItemGroup>
    <CustomBuild Include="shader.vert">
      <Filter>Shaders</Filter>
    </CustomBuild>
    <CustomBuild Include="shader.frag">
      <Filter>Shaders</Filter>
    </CustomBuild>
  </ItemGroup>
</Project>